
Microsoft Visual Studio Solution File, Format Version 12.00
# Visual Studio 15
VisualStudioVersion = 15.0.27703.2026
MinimumVisualStudioVersion = 10.0.40219.1
Project("{FAE04EC0-301F-11D3-BF4B-00C04F79EFBC}") = "SpiceSharpRunner.Portable", "SpiceSharpRunner.Portable.csproj", "{7111813F-95BA-4DCA-ACF8-3EF40706319C}"
EndProject
Global
	GlobalSection(SolutionConfigurationPlatforms) = preSolution
		Debug|Any CPU = Debug|Any CPU
		Release|Any CPU = Release|Any CPU
	EndGlobalSection
	GlobalSection(ProjectConfigurationPlatforms) = postSolution
		{7111813F-95BA-4DCA-ACF8-3EF40706319C}.Debug|Any CPU.ActiveCfg = Debug|Any CPU
		{7111813F-95BA-4DCA-ACF8-3EF40706319C}.Debug|Any CPU.Build.0 = Debug|Any CPU
		{7111813F-95BA-4DCA-ACF8-3EF40706319C}.Release|Any CPU.ActiveCfg = Release|Any CPU
		{7111813F-95BA-4DCA-ACF8-3EF40706319C}.Release|Any CPU.Build.0 = Release|Any CPU
	EndGlobalSection
	GlobalSection(SolutionProperties) = preSolution
		HideSolutionNode = FALSE
	EndGlobalSection
	GlobalSection(ExtensibilityGlobals) = postSolution
		SolutionGuid = {0404957F-0690-4149-8645-21CA140E5F56}
	EndGlobalSection
EndGlobal
