
Microsoft Visual Studio Solution File, Format Version 12.00
# Visual Studio 15
VisualStudioVersion = 15.0.27703.2026
MinimumVisualStudioVersion = 10.0.40219.1
Project("{9A19103F-16F7-4668-BE54-9A1E7A4F7556}") = "SpiceSharpRunner.Portable", "SpiceSharpRunner.Portable.csproj", "{7111813F-95BA-4DCA-ACF8-3EF40706319C}"
EndProject
Project("{9A19103F-16F7-4668-BE54-9A1E7A4F7556}") = "OxyPlot.Avalonia", "..\OxyPlot.Avalonia\OxyPlot.Avalonia.csproj", "{95735CAA-EDA4-4C0E-A4A0-17D4F8627C04}"
EndProject
Project("{9A19103F-16F7-4668-BE54-9A1E7A4F7556}") = "AvaloniaExamples", "..\AvaloniaExamples\AvaloniaExamples.csproj", "{8E839FCB-A0A0-4779-8DE8-96902CEBA567}"
EndProject
Project("{2150E333-8FDC-42A3-9474-1A3956D46DE8}") = "libs", "libs", "{4A2F3EB8-A315-451E-8F85-78F5D9ECAD7A}"
EndProject
Global
	GlobalSection(SolutionConfigurationPlatforms) = preSolution
		Debug|Any CPU = Debug|Any CPU
		Release|Any CPU = Release|Any CPU
	EndGlobalSection
	GlobalSection(ProjectConfigurationPlatforms) = postSolution
		{7111813F-95BA-4DCA-ACF8-3EF40706319C}.Debug|Any CPU.ActiveCfg = Debug|Any CPU
		{7111813F-95BA-4DCA-ACF8-3EF40706319C}.Debug|Any CPU.Build.0 = Debug|Any CPU
		{7111813F-95BA-4DCA-ACF8-3EF40706319C}.Release|Any CPU.ActiveCfg = Release|Any CPU
		{7111813F-95BA-4DCA-ACF8-3EF40706319C}.Release|Any CPU.Build.0 = Release|Any CPU
		{95735CAA-EDA4-4C0E-A4A0-17D4F8627C04}.Debug|Any CPU.ActiveCfg = Debug|Any CPU
		{95735CAA-EDA4-4C0E-A4A0-17D4F8627C04}.Debug|Any CPU.Build.0 = Debug|Any CPU
		{95735CAA-EDA4-4C0E-A4A0-17D4F8627C04}.Release|Any CPU.ActiveCfg = Release|Any CPU
		{95735CAA-EDA4-4C0E-A4A0-17D4F8627C04}.Release|Any CPU.Build.0 = Release|Any CPU
		{8E839FCB-A0A0-4779-8DE8-96902CEBA567}.Debug|Any CPU.ActiveCfg = Debug|Any CPU
		{8E839FCB-A0A0-4779-8DE8-96902CEBA567}.Debug|Any CPU.Build.0 = Debug|Any CPU
		{8E839FCB-A0A0-4779-8DE8-96902CEBA567}.Release|Any CPU.ActiveCfg = Release|Any CPU
		{8E839FCB-A0A0-4779-8DE8-96902CEBA567}.Release|Any CPU.Build.0 = Release|Any CPU
	EndGlobalSection
	GlobalSection(SolutionProperties) = preSolution
		HideSolutionNode = FALSE
	EndGlobalSection
	GlobalSection(NestedProjects) = preSolution
		{95735CAA-EDA4-4C0E-A4A0-17D4F8627C04} = {4A2F3EB8-A315-451E-8F85-78F5D9ECAD7A}
		{8E839FCB-A0A0-4779-8DE8-96902CEBA567} = {4A2F3EB8-A315-451E-8F85-78F5D9ECAD7A}
	EndGlobalSection
	GlobalSection(ExtensibilityGlobals) = postSolution
		SolutionGuid = {0404957F-0690-4149-8645-21CA140E5F56}
	EndGlobalSection
EndGlobal
