
Microsoft Visual Studio Solution File, Format Version 12.00
# Visual Studio 15
VisualStudioVersion = 15.0.27130.2036
MinimumVisualStudioVersion = 10.0.40219.1
Project("{FAE04EC0-301F-11D3-BF4B-00C04F79EFBC}") = "SpiceSharp-Runner.Windows", "SpiceSharpRunner.Windows\SpiceSharp-Runner.Windows.csproj", "{1A786E30-E2F4-4C4C-AD9E-2D296D810BA2}"
EndProject
Project("{FAE04EC0-301F-11D3-BF4B-00C04F79EFBC}") = "Hammer.MDIContainer.Control", "Hammer.MdiContainer\Hammer.MDIContainer.Control.csproj", "{B68F597B-B085-4B0E-8DB9-2DE0420306FC}"
EndProject
Global
	GlobalSection(SolutionConfigurationPlatforms) = preSolution
		Debug|Any CPU = Debug|Any CPU
		Debug|x64 = Debug|x64
		Release|Any CPU = Release|Any CPU
		Release|x64 = Release|x64
	EndGlobalSection
	GlobalSection(ProjectConfigurationPlatforms) = postSolution
		{1A786E30-E2F4-4C4C-AD9E-2D296D810BA2}.Debug|Any CPU.ActiveCfg = Debug|Any CPU
		{1A786E30-E2F4-4C4C-AD9E-2D296D810BA2}.Debug|Any CPU.Build.0 = Debug|Any CPU
		{1A786E30-E2F4-4C4C-AD9E-2D296D810BA2}.Debug|x64.ActiveCfg = Debug|Any CPU
		{1A786E30-E2F4-4C4C-AD9E-2D296D810BA2}.Debug|x64.Build.0 = Debug|Any CPU
		{1A786E30-E2F4-4C4C-AD9E-2D296D810BA2}.Release|Any CPU.ActiveCfg = Release|Any CPU
		{1A786E30-E2F4-4C4C-AD9E-2D296D810BA2}.Release|Any CPU.Build.0 = Release|Any CPU
		{1A786E30-E2F4-4C4C-AD9E-2D296D810BA2}.Release|x64.ActiveCfg = Release|Any CPU
		{1A786E30-E2F4-4C4C-AD9E-2D296D810BA2}.Release|x64.Build.0 = Release|Any CPU
		{B68F597B-B085-4B0E-8DB9-2DE0420306FC}.Debug|Any CPU.ActiveCfg = Debug|Any CPU
		{B68F597B-B085-4B0E-8DB9-2DE0420306FC}.Debug|Any CPU.Build.0 = Debug|Any CPU
		{B68F597B-B085-4B0E-8DB9-2DE0420306FC}.Debug|x64.ActiveCfg = Debug|x64
		{B68F597B-B085-4B0E-8DB9-2DE0420306FC}.Debug|x64.Build.0 = Debug|x64
		{B68F597B-B085-4B0E-8DB9-2DE0420306FC}.Release|Any CPU.ActiveCfg = Release|Any CPU
		{B68F597B-B085-4B0E-8DB9-2DE0420306FC}.Release|Any CPU.Build.0 = Release|Any CPU
		{B68F597B-B085-4B0E-8DB9-2DE0420306FC}.Release|x64.ActiveCfg = Release|x64
		{B68F597B-B085-4B0E-8DB9-2DE0420306FC}.Release|x64.Build.0 = Release|x64
	EndGlobalSection
	GlobalSection(SolutionProperties) = preSolution
		HideSolutionNode = FALSE
	EndGlobalSection
	GlobalSection(ExtensibilityGlobals) = postSolution
		SolutionGuid = {A253A64B-0BDE-42A1-97FD-F20F3B99E498}
	EndGlobalSection
EndGlobal
